
Microsoft Visual Studio Solution File, Format Version 12.00
# Visual Studio Version 17
VisualStudioVersion = 17.5.33530.505
MinimumVisualStudioVersion = 10.0.40219.1
Project("{9A19103F-16F7-4668-BE54-9A1E7A4F7556}") = "WeatherApp.Data", "WeatherApp.Data\WeatherApp.Data.csproj", "{2C24A7D2-BF6C-44AC-9CF5-7D00003606BB}"
EndProject
Project("{9A19103F-16F7-4668-BE54-9A1E7A4F7556}") = "WebWeatherApp", "WebWeatherApp\WebWeatherApp.csproj", "{27D82463-0940-44D9-BD0B-BBB830F24DC5}"
EndProject
Project("{9A19103F-16F7-4668-BE54-9A1E7A4F7556}") = "ConsoleWeatherApp", "ConsoleWeatherApp\ConsoleWeatherApp.csproj", "{17D369A2-EEC9-4948-8618-AC90FE709FA9}"
EndProject
Project("{FAE04EC0-301F-11D3-BF4B-00C04F79EFBC}") = "WeatherApp.Tests", "WeatherApp.Tests\WeatherApp.Tests.csproj", "{633D5D71-EB6B-4B12-B848-9442CAB9A8B1}"
EndProject
Global
	GlobalSection(SolutionConfigurationPlatforms) = preSolution
		Debug|Any CPU = Debug|Any CPU
		Release|Any CPU = Release|Any CPU
	EndGlobalSection
	GlobalSection(ProjectConfigurationPlatforms) = postSolution
		{2C24A7D2-BF6C-44AC-9CF5-7D00003606BB}.Debug|Any CPU.ActiveCfg = Debug|Any CPU
		{2C24A7D2-BF6C-44AC-9CF5-7D00003606BB}.Debug|Any CPU.Build.0 = Debug|Any CPU
		{2C24A7D2-BF6C-44AC-9CF5-7D00003606BB}.Release|Any CPU.ActiveCfg = Release|Any CPU
		{2C24A7D2-BF6C-44AC-9CF5-7D00003606BB}.Release|Any CPU.Build.0 = Release|Any CPU
		{27D82463-0940-44D9-BD0B-BBB830F24DC5}.Debug|Any CPU.ActiveCfg = Debug|Any CPU
		{27D82463-0940-44D9-BD0B-BBB830F24DC5}.Debug|Any CPU.Build.0 = Debug|Any CPU
		{27D82463-0940-44D9-BD0B-BBB830F24DC5}.Release|Any CPU.ActiveCfg = Release|Any CPU
		{27D82463-0940-44D9-BD0B-BBB830F24DC5}.Release|Any CPU.Build.0 = Release|Any CPU
		{17D369A2-EEC9-4948-8618-AC90FE709FA9}.Debug|Any CPU.ActiveCfg = Debug|Any CPU
		{17D369A2-EEC9-4948-8618-AC90FE709FA9}.Debug|Any CPU.Build.0 = Debug|Any CPU
		{17D369A2-EEC9-4948-8618-AC90FE709FA9}.Release|Any CPU.ActiveCfg = Release|Any CPU
		{17D369A2-EEC9-4948-8618-AC90FE709FA9}.Release|Any CPU.Build.0 = Release|Any CPU
		{633D5D71-EB6B-4B12-B848-9442CAB9A8B1}.Debug|Any CPU.ActiveCfg = Debug|Any CPU
		{633D5D71-EB6B-4B12-B848-9442CAB9A8B1}.Debug|Any CPU.Build.0 = Debug|Any CPU
		{633D5D71-EB6B-4B12-B848-9442CAB9A8B1}.Release|Any CPU.ActiveCfg = Release|Any CPU
		{633D5D71-EB6B-4B12-B848-9442CAB9A8B1}.Release|Any CPU.Build.0 = Release|Any CPU
	EndGlobalSection
	GlobalSection(SolutionProperties) = preSolution
		HideSolutionNode = FALSE
	EndGlobalSection
	GlobalSection(ExtensibilityGlobals) = postSolution
		SolutionGuid = {2D7B995F-6D1F-4DCC-BE25-EA45B9EAFA7B}
	EndGlobalSection
EndGlobal
